Microsoft Visual Studio Solution File, Format Version 12.00
# Visual Studio Version 17
VisualStudioVersion = 17.5.2.0
MinimumVisualStudioVersion = 10.0.40219.1
Project("{FAE04EC0-301F-11D3-BF4B-00C04F79EFBC}") = "EDFCatalogoTablasNet", "EDFCatalogoTablasNet\EDFCatalogoTablasNet.csproj", "{267B7E31-1DE0-B432-D1EA-3BF8469A16F8}"
EndProject
Project("{FAE04EC0-301F-11D3-BF4B-00C04F79EFBC}") = "DemoNet9", "DemoNet9\DemoNet9.csproj", "{EAE41A7A-350A-6315-BC99-67C34133F8EE}"
EndProject
Project("{FAE04EC0-301F-11D3-BF4B-00C04F79EFBC}") = "EDFCatalogoTablasNet.Tests", "EDFCatalogoTablasNet.Tests\EDFCatalogoTablasNet.Tests.csproj", "{A126CF9A-C8EE-4EA7-A570-BF4EF03CA52D}"
EndProject
Global
	GlobalSection(SolutionConfigurationPlatforms) = preSolution
		Debug|Any CPU = Debug|Any CPU
		Release|Any CPU = Release|Any CPU
	EndGlobalSection
	GlobalSection(ProjectConfigurationPlatforms) = postSolution
		{267B7E31-1DE0-B432-D1EA-3BF8469A16F8}.Debug|Any CPU.ActiveCfg = Debug|Any CPU
		{267B7E31-1DE0-B432-D1EA-3BF8469A16F8}.Debug|Any CPU.Build.0 = Debug|Any CPU
		{267B7E31-1DE0-B432-D1EA-3BF8469A16F8}.Release|Any CPU.ActiveCfg = Release|Any CPU
		{267B7E31-1DE0-B432-D1EA-3BF8469A16F8}.Release|Any CPU.Build.0 = Release|Any CPU
		{EAE41A7A-350A-6315-BC99-67C34133F8EE}.Debug|Any CPU.ActiveCfg = Debug|Any CPU
		{EAE41A7A-350A-6315-BC99-67C34133F8EE}.Debug|Any CPU.Build.0 = Debug|Any CPU
		{EAE41A7A-350A-6315-BC99-67C34133F8EE}.Release|Any CPU.ActiveCfg = Release|Any CPU
		{EAE41A7A-350A-6315-BC99-67C34133F8EE}.Release|Any CPU.Build.0 = Release|Any CPU
		{A126CF9A-C8EE-4EA7-A570-BF4EF03CA52D}.Debug|Any CPU.ActiveCfg = Debug|Any CPU
		{A126CF9A-C8EE-4EA7-A570-BF4EF03CA52D}.Debug|Any CPU.Build.0 = Debug|Any CPU
		{A126CF9A-C8EE-4EA7-A570-BF4EF03CA52D}.Release|Any CPU.ActiveCfg = Release|Any CPU
		{A126CF9A-C8EE-4EA7-A570-BF4EF03CA52D}.Release|Any CPU.Build.0 = Release|Any CPU
	EndGlobalSection
	GlobalSection(SolutionProperties) = preSolution
		HideSolutionNode = FALSE
	EndGlobalSection
	GlobalSection(ExtensibilityGlobals) = postSolution
		SolutionGuid = {9FDDF784-6BDA-44C1-A0F9-CC1B84B50900}
	EndGlobalSection
EndGlobal
